{
  "name": "example",
  "version": "1.0.0",
  "lockfileVersion": 3,
  "requires": true,
  "packages": {
    "": {
      "name": "example",
      "version": "1.0.0",
      "license": "ISC",
      "dependencies": {
        "@phoenix-islands/data": "^0.1.31",
        "@phoenix-islands/proxy": "^0.1.31",
        "@phoenix-islands/react": "^0.1.31",
        "jotai": "^2.6.1",
        "react": "^18.2.0"
      }
    },
    "node_modules/@nanostores/react": {
      "version": "0.7.1",
      "resolved": "https://registry.npmjs.org/@nanostores/react/-/react-0.7.1.tgz",
      "integrity": "sha512-EXQg9N4MdI4eJQz/AZLIx3hxQ6BuBmV4Q55bCd5YCSgEOAW7tGTsIZxpRXxvxLXzflNvHTBvfrDNY38TlSVBkQ==",
      "funding": [
        {
          "type": "github",
          "url": "https://github.com/sponsors/ai"
        }
      ],
      "engines": {
        "node": "^16.0.0 || ^18.0.0 || >=20.0.0"
      },
      "peerDependencies": {
        "nanostores": "^0.9.0",
        "react": ">=18.0.0"
      }
    },
    "node_modules/@phoenix-islands/core": {
      "version": "0.1.31",
      "resolved": "https://registry.npmjs.org/@phoenix-islands/core/-/core-0.1.31.tgz",
      "integrity": "sha512-MHxIZe0yIl0Q90fQdLpI7Ad4zXmfmcAnQLc9dm9He4N22lQJwcZydG6KKLuFSyYFrPXapPov03+zcBteH6TlUg==",
      "dependencies": {
        "nanostores": "^0.9.5"
      },
      "peerDependencies": {
        "nanostores": "^0.9.5"
      }
    },
    "node_modules/@phoenix-islands/data": {
      "version": "0.1.31",
      "resolved": "https://registry.npmjs.org/@phoenix-islands/data/-/data-0.1.31.tgz",
      "integrity": "sha512-sz1/omZqW3qCwiBMZ4GwwJJUyX/rjyzZzWfkKUVgtnmXv/FJYEGdzl60Zl7ZyuRvjr6n8BeWPPVNFiLmTJQx3g==",
      "dependencies": {
        "@phoenix-islands/core": "^0.1.31"
      },
      "peerDependencies": {
        "@phoenix-islands/core": ">=0.1.31",
        "@types/react": "*",
        "@types/react-dom": "*",
        "react": ">=18.0.0",
        "react-dom": ">=18.0.0"
      },
      "peerDependenciesMeta": {
        "@types/react": {
          "optional": true
        },
        "@types/react-dom": {
          "optional": true
        }
      }
    },
    "node_modules/@phoenix-islands/proxy": {
      "version": "0.1.31",
      "resolved": "https://registry.npmjs.org/@phoenix-islands/proxy/-/proxy-0.1.31.tgz",
      "integrity": "sha512-wxu5+aK5RzGowbukkstfnULhoRYRADJxEDt/F5ZdbCToWMtLUaEn1/u4iXJoPJeYgZwh94Hrd87cEyM0EtA2+g==",
      "dependencies": {
        "@phoenix-islands/core": ">=0.1.31",
        "nanostores": "^0.9.5"
      },
      "peerDependencies": {
        "@phoenix-islands/core": ">=0.1.31",
        "nanostores": "^0.9.5"
      }
    },
    "node_modules/@phoenix-islands/react": {
      "version": "0.1.31",
      "resolved": "https://registry.npmjs.org/@phoenix-islands/react/-/react-0.1.31.tgz",
      "integrity": "sha512-rCkGh3DEKmgGOdmZ91hd+YMr7FGJ9P4PpGkxXdHzcggfrdpJUyHKjYGZsUihUNeLTdVJhAOb0ZQpenlmQyQ+Sg==",
      "dependencies": {
        "@nanostores/react": "^0.7.1",
        "@phoenix-islands/core": ">=0.1.31"
      },
      "peerDependencies": {
        "@phoenix-islands/core": ">=0.1.31",
        "@types/react": "*",
        "@types/react-dom": "*",
        "react": ">=18.0.0",
        "react-dom": ">=18.0.0"
      },
      "peerDependenciesMeta": {
        "@types/react": {
          "optional": true
        },
        "@types/react-dom": {
          "optional": true
        }
      }
    },
    "node_modules/jotai": {
      "version": "2.6.2",
      "resolved": "https://registry.npmjs.org/jotai/-/jotai-2.6.2.tgz",
      "integrity": "sha512-kl4KguU1Fr+tFiLi3A3h9qPEzhvLTTDA10DO3QZAz6k7BEaQJ+qvSBwolzonnfNI4QzEovyQfUqVgnRxfnnQVQ==",
      "engines": {
        "node": ">=12.20.0"
      },
      "peerDependencies": {
        "@types/react": ">=17.0.0",
        "react": ">=17.0.0"
      },
      "peerDependenciesMeta": {
        "@types/react": {
          "optional": true
        },
        "react": {
          "optional": true
        }
      }
    },
    "node_modules/js-tokens": {
      "version": "4.0.0",
      "resolved": "https://registry.npmjs.org/js-tokens/-/js-tokens-4.0.0.tgz",
      "integrity": "sha512-RdJUflcE3cUzKiMqQgsCu06FPu9UdIJO0beYbPhHN4k6apgJtifcoCtT9bcxOpYBtpD2kCM6Sbzg4CausW/PKQ=="
    },
    "node_modules/loose-envify": {
      "version": "1.4.0",
      "resolved": "https://registry.npmjs.org/loose-envify/-/loose-envify-1.4.0.tgz",
      "integrity": "sha512-lyuxPGr/Wfhrlem2CL/UcnUc1zcqKAImBDzukY7Y5F/yQiNdko6+fRLevlw1HgMySw7f611UIY408EtxRSoK3Q==",
      "dependencies": {
        "js-tokens": "^3.0.0 || ^4.0.0"
      },
      "bin": {
        "loose-envify": "cli.js"
      }
    },
    "node_modules/nanostores": {
      "version": "0.9.5",
      "resolved": "https://registry.npmjs.org/nanostores/-/nanostores-0.9.5.tgz",
      "integrity": "sha512-Z+p+g8E7yzaWwOe5gEUB2Ox0rCEeXWYIZWmYvw/ajNYX8DlXdMvMDj8DWfM/subqPAcsf8l8Td4iAwO1DeIIRQ==",
      "funding": [
        {
          "type": "github",
          "url": "https://github.com/sponsors/ai"
        }
      ],
      "engines": {
        "node": "^16.0.0 || ^18.0.0 || >=20.0.0"
      }
    },
    "node_modules/react": {
      "version": "18.2.0",
      "resolved": "https://registry.npmjs.org/react/-/react-18.2.0.tgz",
      "integrity": "sha512-/3IjMdb2L9QbBdWiW5e3P2/npwMBaU9mHCSCUzNln0ZCYbcfTsGbTJrU/kGemdH2IWmB2ioZ+zkxtmq6g09fGQ==",
      "dependencies": {
        "loose-envify": "^1.1.0"
      },
      "engines": {
        "node": ">=0.10.0"
      }
    },
    "node_modules/react-dom": {
      "version": "18.2.0",
      "resolved": "https://registry.npmjs.org/react-dom/-/react-dom-18.2.0.tgz",
      "integrity": "sha512-6IMTriUmvsjHUjNtEDudZfuDQUoWXVxKHhlEGSk81n4YFS+r/Kl99wXiwlVXtPBtJenozv2P+hxDsw9eA7Xo6g==",
      "peer": true,
      "dependencies": {
        "loose-envify": "^1.1.0",
        "scheduler": "^0.23.0"
      },
      "peerDependencies": {
        "react": "^18.2.0"
      }
    },
    "node_modules/scheduler": {
      "version": "0.23.0",
      "resolved": "https://registry.npmjs.org/scheduler/-/scheduler-0.23.0.tgz",
      "integrity": "sha512-CtuThmgHNg7zIZWAXi3AsyIzA3n4xx7aNyjwC2VJldO2LMVDhFK+63xGqq6CsJH4rTAt6/M+N4GhZiDYPx9eUw==",
      "peer": true,
      "dependencies": {
        "loose-envify": "^1.1.0"
      }
    }
  }
}
