{
  "name": "example",
  "version": "1.0.0",
  "lockfileVersion": 3,
  "requires": true,
  "packages": {
    "": {
      "name": "example",
      "version": "1.0.0",
      "license": "ISC",
      "dependencies": {
        "@phoenix-islands/core": "^0.1.12",
        "@phoenix-islands/react": "^0.1.12",
        "react": "^18.2.0"
      }
    },
    "node_modules/@nanostores/react": {
      "version": "0.7.1",
      "resolved": "https://registry.npmjs.org/@nanostores/react/-/react-0.7.1.tgz",
      "integrity": "sha512-EXQg9N4MdI4eJQz/AZLIx3hxQ6BuBmV4Q55bCd5YCSgEOAW7tGTsIZxpRXxvxLXzflNvHTBvfrDNY38TlSVBkQ==",
      "funding": [
        {
          "type": "github",
          "url": "https://github.com/sponsors/ai"
        }
      ],
      "engines": {
        "node": "^16.0.0 || ^18.0.0 || >=20.0.0"
      },
      "peerDependencies": {
        "nanostores": "^0.9.0",
        "react": ">=18.0.0"
      }
    },
    "node_modules/@phoenix-islands/core": {
      "version": "0.1.12",
      "resolved": "https://registry.npmjs.org/@phoenix-islands/core/-/core-0.1.12.tgz",
      "integrity": "sha512-V7Heth++BOuTOR8RzhtHq90KGWh3OkGOhGqsXHm0hyRzXJ1//PwurIK46ckn3sqssfvWdPCk1826kJ7ecQIiqg==",
      "dependencies": {
        "nanostores": "^0.9.5"
      },
      "peerDependencies": {
        "nanostores": "^0.9.5"
      }
    },
    "node_modules/@phoenix-islands/react": {
      "version": "0.1.12",
      "resolved": "https://registry.npmjs.org/@phoenix-islands/react/-/react-0.1.12.tgz",
      "integrity": "sha512-f8HURRU4Ts6w5Dhiqrjek1sL0cefgTho/x2/2hNX97bKijuPRdOLL+qQXJ1noP9i6SFNgI7oZVFboLyfLfQs1Q==",
      "dependencies": {
        "@nanostores/react": "^0.7.1",
        "@phoenix-islands/core": "^0.1.12"
      },
      "peerDependencies": {
        "@phoenix-islands/core": ">=0.1.12",
        "@types/react": "*",
        "@types/react-dom": "*",
        "react": ">=18.0.0",
        "react-dom": ">=18.0.0"
      },
      "peerDependenciesMeta": {
        "@types/react": {
          "optional": true
        },
        "@types/react-dom": {
          "optional": true
        }
      }
    },
    "node_modules/js-tokens": {
      "version": "4.0.0",
      "resolved": "https://registry.npmjs.org/js-tokens/-/js-tokens-4.0.0.tgz",
      "integrity": "sha512-RdJUflcE3cUzKiMqQgsCu06FPu9UdIJO0beYbPhHN4k6apgJtifcoCtT9bcxOpYBtpD2kCM6Sbzg4CausW/PKQ=="
    },
    "node_modules/loose-envify": {
      "version": "1.4.0",
      "resolved": "https://registry.npmjs.org/loose-envify/-/loose-envify-1.4.0.tgz",
      "integrity": "sha512-lyuxPGr/Wfhrlem2CL/UcnUc1zcqKAImBDzukY7Y5F/yQiNdko6+fRLevlw1HgMySw7f611UIY408EtxRSoK3Q==",
      "dependencies": {
        "js-tokens": "^3.0.0 || ^4.0.0"
      },
      "bin": {
        "loose-envify": "cli.js"
      }
    },
    "node_modules/nanostores": {
      "version": "0.9.5",
      "resolved": "https://registry.npmjs.org/nanostores/-/nanostores-0.9.5.tgz",
      "integrity": "sha512-Z+p+g8E7yzaWwOe5gEUB2Ox0rCEeXWYIZWmYvw/ajNYX8DlXdMvMDj8DWfM/subqPAcsf8l8Td4iAwO1DeIIRQ==",
      "funding": [
        {
          "type": "github",
          "url": "https://github.com/sponsors/ai"
        }
      ],
      "engines": {
        "node": "^16.0.0 || ^18.0.0 || >=20.0.0"
      }
    },
    "node_modules/react": {
      "version": "18.2.0",
      "resolved": "https://registry.npmjs.org/react/-/react-18.2.0.tgz",
      "integrity": "sha512-/3IjMdb2L9QbBdWiW5e3P2/npwMBaU9mHCSCUzNln0ZCYbcfTsGbTJrU/kGemdH2IWmB2ioZ+zkxtmq6g09fGQ==",
      "dependencies": {
        "loose-envify": "^1.1.0"
      },
      "engines": {
        "node": ">=0.10.0"
      }
    },
    "node_modules/react-dom": {
      "version": "18.2.0",
      "resolved": "https://registry.npmjs.org/react-dom/-/react-dom-18.2.0.tgz",
      "integrity": "sha512-6IMTriUmvsjHUjNtEDudZfuDQUoWXVxKHhlEGSk81n4YFS+r/Kl99wXiwlVXtPBtJenozv2P+hxDsw9eA7Xo6g==",
      "peer": true,
      "dependencies": {
        "loose-envify": "^1.1.0",
        "scheduler": "^0.23.0"
      },
      "peerDependencies": {
        "react": "^18.2.0"
      }
    },
    "node_modules/scheduler": {
      "version": "0.23.0",
      "resolved": "https://registry.npmjs.org/scheduler/-/scheduler-0.23.0.tgz",
      "integrity": "sha512-CtuThmgHNg7zIZWAXi3AsyIzA3n4xx7aNyjwC2VJldO2LMVDhFK+63xGqq6CsJH4rTAt6/M+N4GhZiDYPx9eUw==",
      "peer": true,
      "dependencies": {
        "loose-envify": "^1.1.0"
      }
    }
  }
}
